
Microsoft Visual Studio Solution File, Format Version 12.00
# Visual Studio Version 17
VisualStudioVersion = 17.7.34024.191
MinimumVisualStudioVersion = 10.0.40219.1
Project("{FAE04EC0-301F-11D3-BF4B-00C04F79EFBC}") = "MyGames", "MyGames\MyGames.csproj", "{39BC635B-6E9C-445A-8300-078D05C5A167}"
EndProject
Global
	GlobalSection(SolutionConfigurationPlatforms) = preSolution
		Debug|Any CPU = Debug|Any CPU
		Release|Any CPU = Release|Any CPU
	EndGlobalSection
	GlobalSection(ProjectConfigurationPlatforms) = postSolution
		{39BC635B-6E9C-445A-8300-078D05C5A167}.Debug|Any CPU.ActiveCfg = Debug|Any CPU
		{39BC635B-6E9C-445A-8300-078D05C5A167}.Debug|Any CPU.Build.0 = Debug|Any CPU
		{39BC635B-6E9C-445A-8300-078D05C5A167}.Release|Any CPU.ActiveCfg = Release|Any CPU
		{39BC635B-6E9C-445A-8300-078D05C5A167}.Release|Any CPU.Build.0 = Release|Any CPU
	EndGlobalSection
	GlobalSection(SolutionProperties) = preSolution
		HideSolutionNode = FALSE
	EndGlobalSection
	GlobalSection(ExtensibilityGlobals) = postSolution
		SolutionGuid = {819E762D-E8C9-4181-9C99-A609A88FE289}
	EndGlobalSection
EndGlobal
